
Microsoft Visual Studio Solution File, Format Version 12.00
# Visual Studio Version 17
VisualStudioVersion = 17.10.34928.147
MinimumVisualStudioVersion = 10.0.40219.1
Project("{FAE04EC0-301F-11D3-BF4B-00C04F79EFBC}") = "CVBuilder", "CVBuilder\CVBuilder.csproj", "{5E71A302-438E-4A8C-8B3C-698D2B86CC1C}"
EndProject
Global
	GlobalSection(SolutionConfigurationPlatforms) = preSolution
		Debug|Any CPU = Debug|Any CPU
		Release|Any CPU = Release|Any CPU
	EndGlobalSection
	GlobalSection(ProjectConfigurationPlatforms) = postSolution
		{5E71A302-438E-4A8C-8B3C-698D2B86CC1C}.Debug|Any CPU.ActiveCfg = Debug|Any CPU
		{5E71A302-438E-4A8C-8B3C-698D2B86CC1C}.Debug|Any CPU.Build.0 = Debug|Any CPU
		{5E71A302-438E-4A8C-8B3C-698D2B86CC1C}.Release|Any CPU.ActiveCfg = Release|Any CPU
		{5E71A302-438E-4A8C-8B3C-698D2B86CC1C}.Release|Any CPU.Build.0 = Release|Any CPU
	EndGlobalSection
	GlobalSection(SolutionProperties) = preSolution
		HideSolutionNode = FALSE
	EndGlobalSection
	GlobalSection(ExtensibilityGlobals) = postSolution
		SolutionGuid = {23D1350F-7D2D-41B0-9CD5-12D554985093}
	EndGlobalSection
EndGlobal
